
Microsoft Visual Studio Solution File, Format Version 12.00
# Visual Studio Version 17
VisualStudioVersion = 17.11.35327.3
MinimumVisualStudioVersion = 10.0.40219.1
Project("{9A19103F-16F7-4668-BE54-9A1E7A4F7556}") = "ADORE", "ADORE\ADORE.csproj", "{8862F289-4D49-4D65-BF4E-0234DBAA961C}"
EndProject
Project("{9A19103F-16F7-4668-BE54-9A1E7A4F7556}") = "ADORE.Configuration", "ADORE.Configuration\ADORE.Configuration.csproj", "{ACDF1C9C-F6C1-4AEF-ACBF-3926918BE215}"
EndProject
Project("{2150E333-8FDC-42A3-9474-1A3956D46DE8}") = "Documentation", "Documentation", "{69756A06-9F8F-4A1D-B858-BFBF3C99EF0E}"
	ProjectSection(SolutionItems) = preProject
		LICENSE = LICENSE
		README.md = README.md
	EndProjectSection
EndProject
Project("{2150E333-8FDC-42A3-9474-1A3956D46DE8}") = "Deployment", "Deployment", "{19771D5A-5C8C-4279-86B1-7D2EA3F300E0}"
	ProjectSection(SolutionItems) = preProject
		.github\workflows\nugetify.yaml = .github\workflows\nugetify.yaml
	EndProjectSection
EndProject
Project("{FAE04EC0-301F-11D3-BF4B-00C04F79EFBC}") = "ADORETests", "ADORETests\ADORETests.csproj", "{D32D1911-EE5C-491A-99FC-A2D01ED79114}"
EndProject
Global
	GlobalSection(SolutionConfigurationPlatforms) = preSolution
		Debug|Any CPU = Debug|Any CPU
		Release|Any CPU = Release|Any CPU
	EndGlobalSection
	GlobalSection(ProjectConfigurationPlatforms) = postSolution
		{8862F289-4D49-4D65-BF4E-0234DBAA961C}.Debug|Any CPU.ActiveCfg = Debug|Any CPU
		{8862F289-4D49-4D65-BF4E-0234DBAA961C}.Debug|Any CPU.Build.0 = Debug|Any CPU
		{8862F289-4D49-4D65-BF4E-0234DBAA961C}.Release|Any CPU.ActiveCfg = Release|Any CPU
		{8862F289-4D49-4D65-BF4E-0234DBAA961C}.Release|Any CPU.Build.0 = Release|Any CPU
		{ACDF1C9C-F6C1-4AEF-ACBF-3926918BE215}.Debug|Any CPU.ActiveCfg = Debug|Any CPU
		{ACDF1C9C-F6C1-4AEF-ACBF-3926918BE215}.Debug|Any CPU.Build.0 = Debug|Any CPU
		{ACDF1C9C-F6C1-4AEF-ACBF-3926918BE215}.Release|Any CPU.ActiveCfg = Release|Any CPU
		{ACDF1C9C-F6C1-4AEF-ACBF-3926918BE215}.Release|Any CPU.Build.0 = Release|Any CPU
		{D32D1911-EE5C-491A-99FC-A2D01ED79114}.Debug|Any CPU.ActiveCfg = Debug|Any CPU
		{D32D1911-EE5C-491A-99FC-A2D01ED79114}.Debug|Any CPU.Build.0 = Debug|Any CPU
		{D32D1911-EE5C-491A-99FC-A2D01ED79114}.Release|Any CPU.ActiveCfg = Release|Any CPU
		{D32D1911-EE5C-491A-99FC-A2D01ED79114}.Release|Any CPU.Build.0 = Release|Any CPU
	EndGlobalSection
	GlobalSection(SolutionProperties) = preSolution
		HideSolutionNode = FALSE
	EndGlobalSection
	GlobalSection(ExtensibilityGlobals) = postSolution
		SolutionGuid = {EFE6C316-21C6-4340-B193-C62FA27079A3}
	EndGlobalSection
EndGlobal
